// !$*UTF8*$!
{
	archiveVersion = 1;
	classes = {
	};
	objectVersion = 56;
	objects = {

/* Begin PBXBuildFile section */
		CC86C6A52B0693780067F163 /* LandmarksApp.swift in Sources */ = {isa = PBXBuildFile; fileRef = CC86C6A42B0693780067F163 /* LandmarksApp.swift */; };
		CC86C6A72B0693780067F163 /* ContentView.swift in Sources */ = {isa = PBXBuildFile; fileRef = CC86C6A62B0693780067F163 /* ContentView.swift */; };
		CC86C6A92B06937A0067F163 /* Assets.xcassets in Resources */ = {isa = PBXBuildFile; fileRef = CC86C6A82B06937A0067F163 /* Assets.xcassets */; };
		CC86C6AC2B06937A0067F163 /* Preview Assets.xcassets in Resources */ = {isa = PBXBuildFile; fileRef = CC86C6AB2B06937A0067F163 /* Preview Assets.xcassets */; };
		CC86C6B32B069A6E0067F163 /* CircleImage.swift in Sources */ = {isa = PBXBuildFile; fileRef = CC86C6B22B069A6E0067F163 /* CircleImage.swift */; };
		CC86C6B52B069DEF0067F163 /* MapView.swift in Sources */ = {isa = PBXBuildFile; fileRef = CC86C6B42B069DEF0067F163 /* MapView.swift */; };
		CC929DD92B082B7F00CACCDE /* Landmark.swift in Sources */ = {isa = PBXBuildFile; fileRef = CC929DD82B082B7F00CACCDE /* Landmark.swift */; };
		CC929DDB2B082C2100CACCDE /* landmarkData.json in Resources */ = {isa = PBXBuildFile; fileRef = CC929DDA2B082C2000CACCDE /* landmarkData.json */; };
		CC929DF32B082DB400CACCDE /* ModelData.swift in Sources */ = {isa = PBXBuildFile; fileRef = CC929DF22B082DB400CACCDE /* ModelData.swift */; };
		CC929DF82B082E9200CACCDE /* LandmarkRow.swift in Sources */ = {isa = PBXBuildFile; fileRef = CC929DF72B082E9200CACCDE /* LandmarkRow.swift */; };
		CC929DFA2B0832C900CACCDE /* LandmarkList.swift in Sources */ = {isa = PBXBuildFile; fileRef = CC929DF92B0832C900CACCDE /* LandmarkList.swift */; };
		CC929DFC2B0833DE00CACCDE /* LandmarkDetails.swift in Sources */ = {isa = PBXBuildFile; fileRef = CC929DFB2B0833DE00CACCDE /* LandmarkDetails.swift */; };
/* End PBXBuildFile section */

/* Begin PBXFileReference section */
		CC86C6A12B0693780067F163 /* Landmarks.app */ = {isa = PBXFileReference; explicitFileType = wrapper.application; includeInIndex = 0; path = Landmarks.app; sourceTree = BUILT_PRODUCTS_DIR; };
		CC86C6A42B0693780067F163 /* LandmarksApp.swift */ = {isa = PBXFileReference; lastKnownFileType = sourcecode.swift; path = LandmarksApp.swift; sourceTree = "<group>"; };
		CC86C6A62B0693780067F163 /* ContentView.swift */ = {isa = PBXFileReference; lastKnownFileType = sourcecode.swift; path = ContentView.swift; sourceTree = "<group>"; };
		CC86C6A82B06937A0067F163 /* Assets.xcassets */ = {isa = PBXFileReference; lastKnownFileType = folder.assetcatalog; path = Assets.xcassets; sourceTree = "<group>"; };
		CC86C6AB2B06937A0067F163 /* Preview Assets.xcassets */ = {isa = PBXFileReference; lastKnownFileType = folder.assetcatalog; path = "Preview Assets.xcassets"; sourceTree = "<group>"; };
		CC86C6B22B069A6E0067F163 /* CircleImage.swift */ = {isa = PBXFileReference; lastKnownFileType = sourcecode.swift; path = CircleImage.swift; sourceTree = "<group>"; };
		CC86C6B42B069DEF0067F163 /* MapView.swift */ = {isa = PBXFileReference; lastKnownFileType = sourcecode.swift; path = MapView.swift; sourceTree = "<group>"; };
		CC929DD82B082B7F00CACCDE /* Landmark.swift */ = {isa = PBXFileReference; lastKnownFileType = sourcecode.swift; path = Landmark.swift; sourceTree = "<group>"; };
		CC929DDA2B082C2000CACCDE /* landmarkData.json */ = {isa = PBXFileReference; fileEncoding = 4; lastKnownFileType = text.json; path = landmarkData.json; sourceTree = "<group>"; };
		CC929DF22B082DB400CACCDE /* ModelData.swift */ = {isa = PBXFileReference; lastKnownFileType = sourcecode.swift; path = ModelData.swift; sourceTree = "<group>"; };
		CC929DF72B082E9200CACCDE /* LandmarkRow.swift */ = {isa = PBXFileReference; lastKnownFileType = sourcecode.swift; path = LandmarkRow.swift; sourceTree = "<group>"; };
		CC929DF92B0832C900CACCDE /* LandmarkList.swift */ = {isa = PBXFileReference; lastKnownFileType = sourcecode.swift; path = LandmarkList.swift; sourceTree = "<group>"; };
		CC929DFB2B0833DE00CACCDE /* LandmarkDetails.swift */ = {isa = PBXFileReference; lastKnownFileType = sourcecode.swift; path = LandmarkDetails.swift; sourceTree = "<group>"; };
/* End PBXFileReference section */

/* Begin PBXFrameworksBuildPhase section */
		CC86C69E2B0693780067F163 /* Frameworks */ = {
			isa = PBXFrameworksBuildPhase;
			buildActionMask = 2147483647;
			files = (
			);
			runOnlyForDeploymentPostprocessing = 0;
		};
/* End PBXFrameworksBuildPhase section */

/* Begin PBXGroup section */
		CC86C6982B0693780067F163 = {
			isa = PBXGroup;
			children = (
				CC86C6A32B0693780067F163 /* Landmarks */,
				CC86C6A22B0693780067F163 /* Products */,
			);
			sourceTree = "<group>";
		};
		CC86C6A22B0693780067F163 /* Products */ = {
			isa = PBXGroup;
			children = (
				CC86C6A12B0693780067F163 /* Landmarks.app */,
			);
			name = Products;
			sourceTree = "<group>";
		};
		CC86C6A32B0693780067F163 /* Landmarks */ = {
			isa = PBXGroup;
			children = (
				CC929DF62B082E3800CACCDE /* Resources */,
				CC929DF52B082E2200CACCDE /* Models */,
				CC929DF42B082DF600CACCDE /* Views */,
				CC86C6A42B0693780067F163 /* LandmarksApp.swift */,
				CC86C6A82B06937A0067F163 /* Assets.xcassets */,
				CC86C6AA2B06937A0067F163 /* Preview Content */,
			);
			path = Landmarks;
			sourceTree = "<group>";
		};
		CC86C6AA2B06937A0067F163 /* Preview Content */ = {
			isa = PBXGroup;
			children = (
				CC86C6AB2B06937A0067F163 /* Preview Assets.xcassets */,
			);
			path = "Preview Content";
			sourceTree = "<group>";
		};
		CC929DF42B082DF600CACCDE /* Views */ = {
			isa = PBXGroup;
			children = (
				CC86C6B22B069A6E0067F163 /* CircleImage.swift */,
				CC86C6B42B069DEF0067F163 /* MapView.swift */,
				CC86C6A62B0693780067F163 /* ContentView.swift */,
				CC929DF72B082E9200CACCDE /* LandmarkRow.swift */,
				CC929DF92B0832C900CACCDE /* LandmarkList.swift */,
				CC929DFB2B0833DE00CACCDE /* LandmarkDetails.swift */,
			);
			path = Views;
			sourceTree = "<group>";
		};
		CC929DF52B082E2200CACCDE /* Models */ = {
			isa = PBXGroup;
			children = (
				CC929DF22B082DB400CACCDE /* ModelData.swift */,
				CC929DD82B082B7F00CACCDE /* Landmark.swift */,
			);
			path = Models;
			sourceTree = "<group>";
		};
		CC929DF62B082E3800CACCDE /* Resources */ = {
			isa = PBXGroup;
			children = (
				CC929DDA2B082C2000CACCDE /* landmarkData.json */,
			);
			path = Resources;
			sourceTree = "<group>";
		};
/* End PBXGroup section */

/* Begin PBXNativeTarget section */
		CC86C6A02B0693780067F163 /* Landmarks */ = {
			isa = PBXNativeTarget;
			buildConfigurationList = CC86C6AF2B06937A0067F163 /* Build configuration list for PBXNativeTarget "Landmarks" */;
			buildPhases = (
				CC86C69D2B0693780067F163 /* Sources */,
				CC86C69E2B0693780067F163 /* Frameworks */,
				CC86C69F2B0693780067F163 /* Resources */,
			);
			buildRules = (
			);
			dependencies = (
			);
			name = Landmarks;
			productName = Landmarks;
			productReference = CC86C6A12B0693780067F163 /* Landmarks.app */;
			productType = "com.apple.product-type.application";
		};
/* End PBXNativeTarget section */

/* Begin PBXProject section */
		CC86C6992B0693780067F163 /* Project object */ = {
			isa = PBXProject;
			attributes = {
				BuildIndependentTargetsInParallel = 1;
				LastSwiftUpdateCheck = 1500;
				LastUpgradeCheck = 1500;
				TargetAttributes = {
					CC86C6A02B0693780067F163 = {
						CreatedOnToolsVersion = 15.0.1;
					};
				};
			};
			buildConfigurationList = CC86C69C2B0693780067F163 /* Build configuration list for PBXProject "Landmarks" */;
			compatibilityVersion = "Xcode 14.0";
			developmentRegion = en;
			hasScannedForEncodings = 0;
			knownRegions = (
				en,
				Base,
			);
			mainGroup = CC86C6982B0693780067F163;
			productRefGroup = CC86C6A22B0693780067F163 /* Products */;
			projectDirPath = "";
			projectRoot = "";
			targets = (
				CC86C6A02B0693780067F163 /* Landmarks */,
			);
		};
/* End PBXProject section */

/* Begin PBXResourcesBuildPhase section */
		CC86C69F2B0693780067F163 /* Resources */ = {
			isa = PBXResourcesBuildPhase;
			buildActionMask = 2147483647;
			files = (
				CC86C6AC2B06937A0067F163 /* Preview Assets.xcassets in Resources */,
				CC86C6A92B06937A0067F163 /* Assets.xcassets in Resources */,
				CC929DDB2B082C2100CACCDE /* landmarkData.json in Resources */,
			);
			runOnlyForDeploymentPostprocessing = 0;
		};
/* End PBXResourcesBuildPhase section */

/* Begin PBXSourcesBuildPhase section */
		CC86C69D2B0693780067F163 /* Sources */ = {
			isa = PBXSourcesBuildPhase;
			buildActionMask = 2147483647;
			files = (
				CC86C6A72B0693780067F163 /* ContentView.swift in Sources */,
				CC86C6B52B069DEF0067F163 /* MapView.swift in Sources */,
				CC86C6A52B0693780067F163 /* LandmarksApp.swift in Sources */,
				CC929DFA2B0832C900CACCDE /* LandmarkList.swift in Sources */,
				CC86C6B32B069A6E0067F163 /* CircleImage.swift in Sources */,
				CC929DD92B082B7F00CACCDE /* Landmark.swift in Sources */,
				CC929DF82B082E9200CACCDE /* LandmarkRow.swift in Sources */,
				CC929DF32B082DB400CACCDE /* ModelData.swift in Sources */,
				CC929DFC2B0833DE00CACCDE /* LandmarkDetails.swift in Sources */,
			);
			runOnlyForDeploymentPostprocessing = 0;
		};
/* End PBXSourcesBuildPhase section */

/* Begin XCBuildConfiguration section */
		CC86C6AD2B06937A0067F163 /* Debug */ = {
			isa = XCBuildConfiguration;
			buildSettings = {
				ALWAYS_SEARCH_USER_PATHS = NO;
				ASSETCATALOG_COMPILER_GENERATE_SWIFT_ASSET_SYMBOL_EXTENSIONS = YES;
				CLANG_ANALYZER_NONNULL = YES;
				CLANG_ANALYZER_NUMBER_OBJECT_CONVERSION = YES_AGGRESSIVE;
				CLANG_CXX_LANGUAGE_STANDARD = "gnu++20";
				CLANG_ENABLE_MODULES = YES;
				CLANG_ENABLE_OBJC_ARC = YES;
				CLANG_ENABLE_OBJC_WEAK = YES;
				CLANG_WARN_BLOCK_CAPTURE_AUTORELEASING = YES;
				CLANG_WARN_BOOL_CONVERSION = YES;
				CLANG_WARN_COMMA = YES;
				CLANG_WARN_CONSTANT_CONVERSION = YES;
				CLANG_WARN_DEPRECATED_OBJC_IMPLEMENTATIONS = YES;
				CLANG_WARN_DIRECT_OBJC_ISA_USAGE = YES_ERROR;
				CLANG_WARN_DOCUMENTATION_COMMENTS = YES;
				CLANG_WARN_EMPTY_BODY = YES;
				CLANG_WARN_ENUM_CONVERSION = YES;
				CLANG_WARN_INFINITE_RECURSION = YES;
				CLANG_WARN_INT_CONVERSION = YES;
				CLANG_WARN_NON_LITERAL_NULL_CONVERSION = YES;
				CLANG_WARN_OBJC_IMPLICIT_RETAIN_SELF = YES;
				CLANG_WARN_OBJC_LITERAL_CONVERSION = YES;
				CLANG_WARN_OBJC_ROOT_CLASS = YES_ERROR;
				CLANG_WARN_QUOTED_INCLUDE_IN_FRAMEWORK_HEADER = YES;
				CLANG_WARN_RANGE_LOOP_ANALYSIS = YES;
				CLANG_WARN_STRICT_PROTOTYPES = YES;
				CLANG_WARN_SUSPICIOUS_MOVE = YES;
				CLANG_WARN_UNGUARDED_AVAILABILITY = YES_AGGRESSIVE;
				CLANG_WARN_UNREACHABLE_CODE = YES;
				CLANG_WARN__DUPLICATE_METHOD_MATCH = YES;
				COPY_PHASE_STRIP = NO;
				DEBUG_INFORMATION_FORMAT = dwarf;
				ENABLE_STRICT_OBJC_MSGSEND = YES;
				ENABLE_TESTABILITY = YES;
				ENABLE_USER_SCRIPT_SANDBOXING = YES;
				GCC_C_LANGUAGE_STANDARD = gnu17;
				GCC_DYNAMIC_NO_PIC = NO;
				GCC_NO_COMMON_BLOCKS = YES;
				GCC_OPTIMIZATION_LEVEL = 0;
				GCC_PREPROCESSOR_DEFINITIONS = (
					"DEBUG=1",
					"$(inherited)",
				);
				GCC_WARN_64_TO_32_BIT_CONVERSION = YES;
				GCC_WARN_ABOUT_RETURN_TYPE = YES_ERROR;
				GCC_WARN_UNDECLARED_SELECTOR = YES;
				GCC_WARN_UNINITIALIZED_AUTOS = YES_AGGRESSIVE;
				GCC_WARN_UNUSED_FUNCTION = YES;
				GCC_WARN_UNUSED_VARIABLE = YES;
				IPHONEOS_DEPLOYMENT_TARGET = 17.0;
				LOCALIZATION_PREFERS_STRING_CATALOGS = YES;
				MTL_ENABLE_DEBUG_INFO = INCLUDE_SOURCE;
				MTL_FAST_MATH = YES;
				ONLY_ACTIVE_ARCH = YES;
				SDKROOT = iphoneos;
				SWIFT_ACTIVE_COMPILATION_CONDITIONS = "DEBUG $(inherited)";
				SWIFT_OPTIMIZATION_LEVEL = "-Onone";
			};
			name = Debug;
		};
		CC86C6AE2B06937A0067F163 /* Release */ = {
			isa = XCBuildConfiguration;
			buildSettings = {
				ALWAYS_SEARCH_USER_PATHS = NO;
				ASSETCATALOG_COMPILER_GENERATE_SWIFT_ASSET_SYMBOL_EXTENSIONS = YES;
				CLANG_ANALYZER_NONNULL = YES;
				CLANG_ANALYZER_NUMBER_OBJECT_CONVERSION = YES_AGGRESSIVE;
				CLANG_CXX_LANGUAGE_STANDARD = "gnu++20";
				CLANG_ENABLE_MODULES = YES;
				CLANG_ENABLE_OBJC_ARC = YES;
				CLANG_ENABLE_OBJC_WEAK = YES;
				CLANG_WARN_BLOCK_CAPTURE_AUTORELEASING = YES;
				CLANG_WARN_BOOL_CONVERSION = YES;
				CLANG_WARN_COMMA = YES;
				CLANG_WARN_CONSTANT_CONVERSION = YES;
				CLANG_WARN_DEPRECATED_OBJC_IMPLEMENTATIONS = YES;
				CLANG_WARN_DIRECT_OBJC_ISA_USAGE = YES_ERROR;
				CLANG_WARN_DOCUMENTATION_COMMENTS = YES;
				CLANG_WARN_EMPTY_BODY = YES;
				CLANG_WARN_ENUM_CONVERSION = YES;
				CLANG_WARN_INFINITE_RECURSION = YES;
				CLANG_WARN_INT_CONVERSION = YES;
				CLANG_WARN_NON_LITERAL_NULL_CONVERSION = YES;
				CLANG_WARN_OBJC_IMPLICIT_RETAIN_SELF = YES;
				CLANG_WARN_OBJC_LITERAL_CONVERSION = YES;
				CLANG_WARN_OBJC_ROOT_CLASS = YES_ERROR;
				CLANG_WARN_QUOTED_INCLUDE_IN_FRAMEWORK_HEADER = YES;
				CLANG_WARN_RANGE_LOOP_ANALYSIS = YES;
				CLANG_WARN_STRICT_PROTOTYPES = YES;
				CLANG_WARN_SUSPICIOUS_MOVE = YES;
				CLANG_WARN_UNGUARDED_AVAILABILITY = YES_AGGRESSIVE;
				CLANG_WARN_UNREACHABLE_CODE = YES;
				CLANG_WARN__DUPLICATE_METHOD_MATCH = YES;
				COPY_PHASE_STRIP = NO;
				DEBUG_INFORMATION_FORMAT = "dwarf-with-dsym";
				ENABLE_NS_ASSERTIONS = NO;
				ENABLE_STRICT_OBJC_MSGSEND = YES;
				ENABLE_USER_SCRIPT_SANDBOXING = YES;
				GCC_C_LANGUAGE_STANDARD = gnu17;
				GCC_NO_COMMON_BLOCKS = YES;
				GCC_WARN_64_TO_32_BIT_CONVERSION = YES;
				GCC_WARN_ABOUT_RETURN_TYPE = YES_ERROR;
				GCC_WARN_UNDECLARED_SELECTOR = YES;
				GCC_WARN_UNINITIALIZED_AUTOS = YES_AGGRESSIVE;
				GCC_WARN_UNUSED_FUNCTION = YES;
				GCC_WARN_UNUSED_VARIABLE = YES;
				IPHONEOS_DEPLOYMENT_TARGET = 17.0;
				LOCALIZATION_PREFERS_STRING_CATALOGS = YES;
				MTL_ENABLE_DEBUG_INFO = NO;
				MTL_FAST_MATH = YES;
				SDKROOT = iphoneos;
				SWIFT_COMPILATION_MODE = wholemodule;
				VALIDATE_PRODUCT = YES;
			};
			name = Release;
		};
		CC86C6B02B06937A0067F163 /* Debug */ = {
			isa = XCBuildConfiguration;
			buildSettings = {
				ASSETCATALOG_COMPILER_APPICON_NAME = AppIcon;
				ASSETCATALOG_COMPILER_GLOBAL_ACCENT_COLOR_NAME = AccentColor;
				CODE_SIGN_STYLE = Automatic;
				CURRENT_PROJECT_VERSION = 1;
				DEVELOPMENT_ASSET_PATHS = "\"Landmarks/Preview Content\"";
				DEVELOPMENT_TEAM = 4HY5DY3957;
				ENABLE_PREVIEWS = YES;
				GENERATE_INFOPLIST_FILE = YES;
				INFOPLIST_KEY_UIApplicationSceneManifest_Generation = YES;
				INFOPLIST_KEY_UIApplicationSupportsIndirectInputEvents = YES;
				INFOPLIST_KEY_UILaunchScreen_Generation = YES;
				INFOPLIST_KEY_UISupportedInterfaceOrientations_iPad = "UIInterfaceOrientationPortrait UIInterfaceOrientationPortraitUpsideDown UIInterfaceOrientationLandscapeLeft UIInterfaceOrientationLandscapeRight";
				INFOPLIST_KEY_UISupportedInterfaceOrientations_iPhone = "UIInterfaceOrientationPortrait UIInterfaceOrientationLandscapeLeft UIInterfaceOrientationLandscapeRight";
				LD_RUNPATH_SEARCH_PATHS = (
					"$(inherited)",
					"@executable_path/Frameworks",
				);
				MARKETING_VERSION = 1.0;
				PRODUCT_BUNDLE_IDENTIFIER = notrew.Landmarks;
				PRODUCT_NAME = "$(TARGET_NAME)";
				SWIFT_EMIT_LOC_STRINGS = YES;
				SWIFT_VERSION = 5.0;
				TARGETED_DEVICE_FAMILY = "1,2";
			};
			name = Debug;
		};
		CC86C6B12B06937A0067F163 /* Release */ = {
			isa = XCBuildConfiguration;
			buildSettings = {
				ASSETCATALOG_COMPILER_APPICON_NAME = AppIcon;
				ASSETCATALOG_COMPILER_GLOBAL_ACCENT_COLOR_NAME = AccentColor;
				CODE_SIGN_STYLE = Automatic;
				CURRENT_PROJECT_VERSION = 1;
				DEVELOPMENT_ASSET_PATHS = "\"Landmarks/Preview Content\"";
				DEVELOPMENT_TEAM = 4HY5DY3957;
				ENABLE_PREVIEWS = YES;
				GENERATE_INFOPLIST_FILE = YES;
				INFOPLIST_KEY_UIApplicationSceneManifest_Generation = YES;
				INFOPLIST_KEY_UIApplicationSupportsIndirectInputEvents = YES;
				INFOPLIST_KEY_UILaunchScreen_Generation = YES;
				INFOPLIST_KEY_UISupportedInterfaceOrientations_iPad = "UIInterfaceOrientationPortrait UIInterfaceOrientationPortraitUpsideDown UIInterfaceOrientationLandscapeLeft UIInterfaceOrientationLandscapeRight";
				INFOPLIST_KEY_UISupportedInterfaceOrientations_iPhone = "UIInterfaceOrientationPortrait UIInterfaceOrientationLandscapeLeft UIInterfaceOrientationLandscapeRight";
				LD_RUNPATH_SEARCH_PATHS = (
					"$(inherited)",
					"@executable_path/Frameworks",
				);
				MARKETING_VERSION = 1.0;
				PRODUCT_BUNDLE_IDENTIFIER = notrew.Landmarks;
				PRODUCT_NAME = "$(TARGET_NAME)";
				SWIFT_EMIT_LOC_STRINGS = YES;
				SWIFT_VERSION = 5.0;
				TARGETED_DEVICE_FAMILY = "1,2";
			};
			name = Release;
		};
/* End XCBuildConfiguration section */

/* Begin XCConfigurationList section */
		CC86C69C2B0693780067F163 /* Build configuration list for PBXProject "Landmarks" */ = {
			isa = XCConfigurationList;
			buildConfigurations = (
				CC86C6AD2B06937A0067F163 /* Debug */,
				CC86C6AE2B06937A0067F163 /* Release */,
			);
			defaultConfigurationIsVisible = 0;
			defaultConfigurationName = Release;
		};
		CC86C6AF2B06937A0067F163 /* Build configuration list for PBXNativeTarget "Landmarks" */ = {
			isa = XCConfigurationList;
			buildConfigurations = (
				CC86C6B02B06937A0067F163 /* Debug */,
				CC86C6B12B06937A0067F163 /* Release */,
			);
			defaultConfigurationIsVisible = 0;
			defaultConfigurationName = Release;
		};
/* End XCConfigurationList section */
	};
	rootObject = CC86C6992B0693780067F163 /* Project object */;
}
